
Microsoft Visual Studio Solution File, Format Version 12.00
# Visual Studio Version 17
VisualStudioVersion = 17.11.35208.52
MinimumVisualStudioVersion = 10.0.40219.1
Project("{FAE04EC0-301F-11D3-BF4B-00C04F79EFBC}") = "embeddings-csharps", "embeddings-csharps\embeddings-csharps.csproj", "{76AF0D73-D8FD-4CE7-A0A0-A021EE7AAA1D}"
EndProject
Global
	GlobalSection(SolutionConfigurationPlatforms) = preSolution
		Debug|Any CPU = Debug|Any CPU
		Release|Any CPU = Release|Any CPU
	EndGlobalSection
	GlobalSection(ProjectConfigurationPlatforms) = postSolution
		{76AF0D73-D8FD-4CE7-A0A0-A021EE7AAA1D}.Debug|Any CPU.ActiveCfg = Debug|Any CPU
		{76AF0D73-D8FD-4CE7-A0A0-A021EE7AAA1D}.Debug|Any CPU.Build.0 = Debug|Any CPU
		{76AF0D73-D8FD-4CE7-A0A0-A021EE7AAA1D}.Release|Any CPU.ActiveCfg = Release|Any CPU
		{76AF0D73-D8FD-4CE7-A0A0-A021EE7AAA1D}.Release|Any CPU.Build.0 = Release|Any CPU
	EndGlobalSection
	GlobalSection(SolutionProperties) = preSolution
		HideSolutionNode = FALSE
	EndGlobalSection
	GlobalSection(ExtensibilityGlobals) = postSolution
		SolutionGuid = {17EF271D-1744-486B-A3BC-B0D53E018F20}
	EndGlobalSection
EndGlobal
